
Microsoft Visual Studio Solution File, Format Version 12.00
# Visual Studio Version 16
VisualStudioVersion = 16.0.29709.97
MinimumVisualStudioVersion = 10.0.40219.1
Project("{9A19103F-16F7-4668-BE54-9A1E7A4F7556}") = "WYNK.Data", "WYNK.Data\WYNK.Data.csproj", "{BCEACC89-6DBD-4453-9185-D0AFF10B4929}"
EndProject
Project("{9A19103F-16F7-4668-BE54-9A1E7A4F7556}") = "WYNK.Services", "WYNK.Services\WYNK.Services.csproj", "{EBAE48AB-6D9D-4344-BA17-DA0E7B424464}"
EndProject
Project("{E24C65DC-7377-472B-9ABA-BC803B73C61A}") = "WYNK", "WYNK\", "{DE2C9D88-17E3-4DDA-AF00-F22029C15649}"
	ProjectSection(WebsiteProperties) = preProject
		TargetFrameworkMoniker = ".NETFramework,Version%3Dv4.0"
		Debug.AspNetCompiler.VirtualPath = "/localhost_62411"
		Debug.AspNetCompiler.PhysicalPath = "WYNK\"
		Debug.AspNetCompiler.TargetPath = "PrecompiledWeb\localhost_62411\"
		Debug.AspNetCompiler.Updateable = "true"
		Debug.AspNetCompiler.ForceOverwrite = "true"
		Debug.AspNetCompiler.FixedNames = "false"
		Debug.AspNetCompiler.Debug = "True"
		Release.AspNetCompiler.VirtualPath = "/localhost_62411"
		Release.AspNetCompiler.PhysicalPath = "WYNK\"
		Release.AspNetCompiler.TargetPath = "PrecompiledWeb\localhost_62411\"
		Release.AspNetCompiler.Updateable = "true"
		Release.AspNetCompiler.ForceOverwrite = "true"
		Release.AspNetCompiler.FixedNames = "false"
		Release.AspNetCompiler.Debug = "False"
		VWDPort = "62411"
		SlnRelativePath = "WYNK\"
	EndProjectSection
EndProject
Global
	GlobalSection(SolutionConfigurationPlatforms) = preSolution
		Debug|Any CPU = Debug|Any CPU
		Release|Any CPU = Release|Any CPU
	EndGlobalSection
	GlobalSection(ProjectConfigurationPlatforms) = postSolution
		{BCEACC89-6DBD-4453-9185-D0AFF10B4929}.Debug|Any CPU.ActiveCfg = Debug|Any CPU
		{BCEACC89-6DBD-4453-9185-D0AFF10B4929}.Debug|Any CPU.Build.0 = Debug|Any CPU
		{BCEACC89-6DBD-4453-9185-D0AFF10B4929}.Release|Any CPU.ActiveCfg = Release|Any CPU
		{BCEACC89-6DBD-4453-9185-D0AFF10B4929}.Release|Any CPU.Build.0 = Release|Any CPU
		{EBAE48AB-6D9D-4344-BA17-DA0E7B424464}.Debug|Any CPU.ActiveCfg = Debug|Any CPU
		{EBAE48AB-6D9D-4344-BA17-DA0E7B424464}.Debug|Any CPU.Build.0 = Debug|Any CPU
		{EBAE48AB-6D9D-4344-BA17-DA0E7B424464}.Release|Any CPU.ActiveCfg = Release|Any CPU
		{EBAE48AB-6D9D-4344-BA17-DA0E7B424464}.Release|Any CPU.Build.0 = Release|Any CPU
		{DE2C9D88-17E3-4DDA-AF00-F22029C15649}.Debug|Any CPU.ActiveCfg = Debug|Any CPU
		{DE2C9D88-17E3-4DDA-AF00-F22029C15649}.Debug|Any CPU.Build.0 = Debug|Any CPU
		{DE2C9D88-17E3-4DDA-AF00-F22029C15649}.Release|Any CPU.ActiveCfg = Debug|Any CPU
		{DE2C9D88-17E3-4DDA-AF00-F22029C15649}.Release|Any CPU.Build.0 = Debug|Any CPU
	EndGlobalSection
	GlobalSection(SolutionProperties) = preSolution
		HideSolutionNode = FALSE
	EndGlobalSection
	GlobalSection(ExtensibilityGlobals) = postSolution
		SolutionGuid = {C7619986-6D2D-4035-91BB-C8AD0E82B6BC}
	EndGlobalSection
EndGlobal
